// !$*UTF8*$!
{
	archiveVersion = 1;
	classes = {
	};
	objectVersion = 55;
	objects = {

/* Begin PBXBuildFile section */
		A715D00698FB1172C63C7134 /* Pods_yourChallenge.framework in Frameworks */ = {isa = PBXBuildFile; fileRef = F12BE76FC6E6CB05831BBE3B /* Pods_yourChallenge.framework */; };
		D24DA7F427588CD000808ADF /* WriteTextTaskVC.swift in Sources */ = {isa = PBXBuildFile; fileRef = D24DA7F327588CD000808ADF /* WriteTextTaskVC.swift */; };
		D253B809275A858E00923999 /* ModelWriteDataTask.swift in Sources */ = {isa = PBXBuildFile; fileRef = D253B808275A858E00923999 /* ModelWriteDataTask.swift */; };
		D28F392B275635EB00006499 /* CreateTaskVC.swift in Sources */ = {isa = PBXBuildFile; fileRef = D28F392A275635EB00006499 /* CreateTaskVC.swift */; };
		D28F392D2756B06B00006499 /* HexStringToUIColor.swift in Sources */ = {isa = PBXBuildFile; fileRef = D28F392C2756B06B00006499 /* HexStringToUIColor.swift */; };
		D28F39332757ECBF00006499 /* showVC.swift in Sources */ = {isa = PBXBuildFile; fileRef = D28F39322757ECBF00006499 /* showVC.swift */; };
		D2E4552627555EB600A1B0C1 /* AppDelegate.swift in Sources */ = {isa = PBXBuildFile; fileRef = D2E4552527555EB600A1B0C1 /* AppDelegate.swift */; };
		D2E4552827555EB600A1B0C1 /* SceneDelegate.swift in Sources */ = {isa = PBXBuildFile; fileRef = D2E4552727555EB600A1B0C1 /* SceneDelegate.swift */; };
		D2E4552A27555EB600A1B0C1 /* ViewController.swift in Sources */ = {isa = PBXBuildFile; fileRef = D2E4552927555EB600A1B0C1 /* ViewController.swift */; };
		D2E4552D27555EB600A1B0C1 /* Main.storyboard in Resources */ = {isa = PBXBuildFile; fileRef = D2E4552B27555EB600A1B0C1 /* Main.storyboard */; };
		D2E4552F27555EB700A1B0C1 /* Assets.xcassets in Resources */ = {isa = PBXBuildFile; fileRef = D2E4552E27555EB700A1B0C1 /* Assets.xcassets */; };
		D2E4553227555EB700A1B0C1 /* LaunchScreen.storyboard in Resources */ = {isa = PBXBuildFile; fileRef = D2E4553027555EB700A1B0C1 /* LaunchScreen.storyboard */; };
		D2E4553B27556CD400A1B0C1 /* CorenerRadiusMainTwoButtons.swift in Sources */ = {isa = PBXBuildFile; fileRef = D2E4553A27556CD400A1B0C1 /* CorenerRadiusMainTwoButtons.swift */; };
/* End PBXBuildFile section */

/* Begin PBXFileReference section */
		879E55F6E95DBD3CDDC8D303 /* Pods-yourChallenge.release.xcconfig */ = {isa = PBXFileReference; includeInIndex = 1; lastKnownFileType = text.xcconfig; name = "Pods-yourChallenge.release.xcconfig"; path = "Target Support Files/Pods-yourChallenge/Pods-yourChallenge.release.xcconfig"; sourceTree = "<group>"; };
		9D58078DA2C4478DBF7572B7 /* Pods-yourChallenge.debug.xcconfig */ = {isa = PBXFileReference; includeInIndex = 1; lastKnownFileType = text.xcconfig; name = "Pods-yourChallenge.debug.xcconfig"; path = "Target Support Files/Pods-yourChallenge/Pods-yourChallenge.debug.xcconfig"; sourceTree = "<group>"; };
		D24DA7F327588CD000808ADF /* WriteTextTaskVC.swift */ = {isa = PBXFileReference; lastKnownFileType = sourcecode.swift; path = WriteTextTaskVC.swift; sourceTree = "<group>"; };
		D253B808275A858E00923999 /* ModelWriteDataTask.swift */ = {isa = PBXFileReference; lastKnownFileType = sourcecode.swift; path = ModelWriteDataTask.swift; sourceTree = "<group>"; };
		D28F392A275635EB00006499 /* CreateTaskVC.swift */ = {isa = PBXFileReference; lastKnownFileType = sourcecode.swift; path = CreateTaskVC.swift; sourceTree = "<group>"; };
		D28F392C2756B06B00006499 /* HexStringToUIColor.swift */ = {isa = PBXFileReference; lastKnownFileType = sourcecode.swift; path = HexStringToUIColor.swift; sourceTree = "<group>"; };
		D28F39322757ECBF00006499 /* showVC.swift */ = {isa = PBXFileReference; lastKnownFileType = sourcecode.swift; path = showVC.swift; sourceTree = "<group>"; };
		D2E4552227555EB600A1B0C1 /* yourChallenge.app */ = {isa = PBXFileReference; explicitFileType = wrapper.application; includeInIndex = 0; path = yourChallenge.app; sourceTree = BUILT_PRODUCTS_DIR; };
		D2E4552527555EB600A1B0C1 /* AppDelegate.swift */ = {isa = PBXFileReference; lastKnownFileType = sourcecode.swift; path = AppDelegate.swift; sourceTree = "<group>"; };
		D2E4552727555EB600A1B0C1 /* SceneDelegate.swift */ = {isa = PBXFileReference; lastKnownFileType = sourcecode.swift; path = SceneDelegate.swift; sourceTree = "<group>"; };
		D2E4552927555EB600A1B0C1 /* ViewController.swift */ = {isa = PBXFileReference; lastKnownFileType = sourcecode.swift; path = ViewController.swift; sourceTree = "<group>"; };
		D2E4552C27555EB600A1B0C1 /* Base */ = {isa = PBXFileReference; lastKnownFileType = file.storyboard; name = Base; path = Base.lproj/Main.storyboard; sourceTree = "<group>"; };
		D2E4552E27555EB700A1B0C1 /* Assets.xcassets */ = {isa = PBXFileReference; lastKnownFileType = folder.assetcatalog; path = Assets.xcassets; sourceTree = "<group>"; };
		D2E4553127555EB700A1B0C1 /* Base */ = {isa = PBXFileReference; lastKnownFileType = file.storyboard; name = Base; path = Base.lproj/LaunchScreen.storyboard; sourceTree = "<group>"; };
		D2E4553327555EB700A1B0C1 /* Info.plist */ = {isa = PBXFileReference; lastKnownFileType = text.plist.xml; path = Info.plist; sourceTree = "<group>"; };
		D2E4553A27556CD400A1B0C1 /* CorenerRadiusMainTwoButtons.swift */ = {isa = PBXFileReference; lastKnownFileType = sourcecode.swift; path = CorenerRadiusMainTwoButtons.swift; sourceTree = "<group>"; };
		F12BE76FC6E6CB05831BBE3B /* Pods_yourChallenge.framework */ = {isa = PBXFileReference; explicitFileType = wrapper.framework; includeInIndex = 0; path = Pods_yourChallenge.framework; sourceTree = BUILT_PRODUCTS_DIR; };
/* End PBXFileReference section */

/* Begin PBXFrameworksBuildPhase section */
		D2E4551F27555EB600A1B0C1 /* Frameworks */ = {
			isa = PBXFrameworksBuildPhase;
			buildActionMask = 2147483647;
			files = (
				A715D00698FB1172C63C7134 /* Pods_yourChallenge.framework in Frameworks */,
			);
			runOnlyForDeploymentPostprocessing = 0;
		};
/* End PBXFrameworksBuildPhase section */

/* Begin PBXGroup section */
		56BA8B109863B21113D4FF1D /* Pods */ = {
			isa = PBXGroup;
			children = (
				9D58078DA2C4478DBF7572B7 /* Pods-yourChallenge.debug.xcconfig */,
				879E55F6E95DBD3CDDC8D303 /* Pods-yourChallenge.release.xcconfig */,
			);
			path = Pods;
			sourceTree = "<group>";
		};
		65E523AE6728519A44C3B42E /* Frameworks */ = {
			isa = PBXGroup;
			children = (
				F12BE76FC6E6CB05831BBE3B /* Pods_yourChallenge.framework */,
			);
			name = Frameworks;
			sourceTree = "<group>";
		};
		D24DA7F527588CF800808ADF /* CreateTask */ = {
			isa = PBXGroup;
			children = (
				D28F392A275635EB00006499 /* CreateTaskVC.swift */,
			);
			path = CreateTask;
			sourceTree = "<group>";
		};
		D24DA7F627588D0200808ADF /* WriteTextTask */ = {
			isa = PBXGroup;
			children = (
				D24DA7F327588CD000808ADF /* WriteTextTaskVC.swift */,
			);
			path = WriteTextTask;
			sourceTree = "<group>";
		};
		D253B8062759E10C00923999 /* AppDelegate */ = {
			isa = PBXGroup;
			children = (
				D2E4552527555EB600A1B0C1 /* AppDelegate.swift */,
				D2E4552727555EB600A1B0C1 /* SceneDelegate.swift */,
			);
			path = AppDelegate;
			sourceTree = "<group>";
		};
		D253B807275A857500923999 /* Model */ = {
			isa = PBXGroup;
			children = (
				D253B808275A858E00923999 /* ModelWriteDataTask.swift */,
			);
			path = Model;
			sourceTree = "<group>";
		};
		D28F39302756C51600006499 /* MainView */ = {
			isa = PBXGroup;
			children = (
				D2E4552927555EB600A1B0C1 /* ViewController.swift */,
				D2E4553927556CA100A1B0C1 /* ViewControllerFunc */,
			);
			path = MainView;
			sourceTree = "<group>";
		};
		D28F39312757ECA200006499 /* FuncAllApp */ = {
			isa = PBXGroup;
			children = (
				D28F39322757ECBF00006499 /* showVC.swift */,
			);
			path = FuncAllApp;
			sourceTree = "<group>";
		};
		D2BD63F1275D470400658052 /* 1Screen */ = {
			isa = PBXGroup;
			children = (
				D28F39302756C51600006499 /* MainView */,
			);
			path = 1Screen;
			sourceTree = "<group>";
		};
		D2BD63F2275D471200658052 /* 2Screen */ = {
			isa = PBXGroup;
			children = (
				D24DA7F527588CF800808ADF /* CreateTask */,
			);
			path = 2Screen;
			sourceTree = "<group>";
		};
		D2BD63F3275D471900658052 /* 3Screen */ = {
			isa = PBXGroup;
			children = (
				D24DA7F627588D0200808ADF /* WriteTextTask */,
			);
			path = 3Screen;
			sourceTree = "<group>";
		};
		D2E4551927555EB600A1B0C1 = {
			isa = PBXGroup;
			children = (
				D2E4552427555EB600A1B0C1 /* yourChallenge */,
				D2E4552327555EB600A1B0C1 /* Products */,
				56BA8B109863B21113D4FF1D /* Pods */,
				65E523AE6728519A44C3B42E /* Frameworks */,
			);
			sourceTree = "<group>";
		};
		D2E4552327555EB600A1B0C1 /* Products */ = {
			isa = PBXGroup;
			children = (
				D2E4552227555EB600A1B0C1 /* yourChallenge.app */,
			);
			name = Products;
			sourceTree = "<group>";
		};
		D2E4552427555EB600A1B0C1 /* yourChallenge */ = {
			isa = PBXGroup;
			children = (
				D2BD63F1275D470400658052 /* 1Screen */,
				D2BD63F3275D471900658052 /* 3Screen */,
				D2BD63F2275D471200658052 /* 2Screen */,
				D253B807275A857500923999 /* Model */,
				D28F39312757ECA200006499 /* FuncAllApp */,
				D253B8062759E10C00923999 /* AppDelegate */,
				D2E4552B27555EB600A1B0C1 /* Main.storyboard */,
				D2E4552E27555EB700A1B0C1 /* Assets.xcassets */,
				D2E4553027555EB700A1B0C1 /* LaunchScreen.storyboard */,
				D2E4553327555EB700A1B0C1 /* Info.plist */,
			);
			path = yourChallenge;
			sourceTree = "<group>";
		};
		D2E4553927556CA100A1B0C1 /* ViewControllerFunc */ = {
			isa = PBXGroup;
			children = (
				D2E4553A27556CD400A1B0C1 /* CorenerRadiusMainTwoButtons.swift */,
				D28F392C2756B06B00006499 /* HexStringToUIColor.swift */,
			);
			path = ViewControllerFunc;
			sourceTree = "<group>";
		};
/* End PBXGroup section */

/* Begin PBXNativeTarget section */
		D2E4552127555EB600A1B0C1 /* yourChallenge */ = {
			isa = PBXNativeTarget;
			buildConfigurationList = D2E4553627555EB700A1B0C1 /* Build configuration list for PBXNativeTarget "yourChallenge" */;
			buildPhases = (
				766475A09683E7E5C94A089A /* [CP] Check Pods Manifest.lock */,
				D2E4551E27555EB600A1B0C1 /* Sources */,
				D2E4551F27555EB600A1B0C1 /* Frameworks */,
				D2E4552027555EB600A1B0C1 /* Resources */,
			);
			buildRules = (
			);
			dependencies = (
			);
			name = yourChallenge;
			productName = yourChallenge;
			productReference = D2E4552227555EB600A1B0C1 /* yourChallenge.app */;
			productType = "com.apple.product-type.application";
		};
/* End PBXNativeTarget section */

/* Begin PBXProject section */
		D2E4551A27555EB600A1B0C1 /* Project object */ = {
			isa = PBXProject;
			attributes = {
				BuildIndependentTargetsInParallel = 1;
				LastSwiftUpdateCheck = 1310;
				LastUpgradeCheck = 1310;
				TargetAttributes = {
					D2E4552127555EB600A1B0C1 = {
						CreatedOnToolsVersion = 13.1;
					};
				};
			};
			buildConfigurationList = D2E4551D27555EB600A1B0C1 /* Build configuration list for PBXProject "yourChallenge" */;
			compatibilityVersion = "Xcode 13.0";
			developmentRegion = en;
			hasScannedForEncodings = 0;
			knownRegions = (
				en,
				Base,
			);
			mainGroup = D2E4551927555EB600A1B0C1;
			productRefGroup = D2E4552327555EB600A1B0C1 /* Products */;
			projectDirPath = "";
			projectRoot = "";
			targets = (
				D2E4552127555EB600A1B0C1 /* yourChallenge */,
			);
		};
/* End PBXProject section */

/* Begin PBXResourcesBuildPhase section */
		D2E4552027555EB600A1B0C1 /* Resources */ = {
			isa = PBXResourcesBuildPhase;
			buildActionMask = 2147483647;
			files = (
				D2E4553227555EB700A1B0C1 /* LaunchScreen.storyboard in Resources */,
				D2E4552F27555EB700A1B0C1 /* Assets.xcassets in Resources */,
				D2E4552D27555EB600A1B0C1 /* Main.storyboard in Resources */,
			);
			runOnlyForDeploymentPostprocessing = 0;
		};
/* End PBXResourcesBuildPhase section */

/* Begin PBXShellScriptBuildPhase section */
		766475A09683E7E5C94A089A /* [CP] Check Pods Manifest.lock */ = {
			isa = PBXShellScriptBuildPhase;
			buildActionMask = 2147483647;
			files = (
			);
			inputFileListPaths = (
			);
			inputPaths = (
				"${PODS_PODFILE_DIR_PATH}/Podfile.lock",
				"${PODS_ROOT}/Manifest.lock",
			);
			name = "[CP] Check Pods Manifest.lock";
			outputFileListPaths = (
			);
			outputPaths = (
				"$(DERIVED_FILE_DIR)/Pods-yourChallenge-checkManifestLockResult.txt",
			);
			runOnlyForDeploymentPostprocessing = 0;
			shellPath = /bin/sh;
			shellScript = "diff \"${PODS_PODFILE_DIR_PATH}/Podfile.lock\" \"${PODS_ROOT}/Manifest.lock\" > /dev/null\nif [ $? != 0 ] ; then\n    # print error to STDERR\n    echo \"error: The sandbox is not in sync with the Podfile.lock. Run 'pod install' or update your CocoaPods installation.\" >&2\n    exit 1\nfi\n# This output is used by Xcode 'outputs' to avoid re-running this script phase.\necho \"SUCCESS\" > \"${SCRIPT_OUTPUT_FILE_0}\"\n";
			showEnvVarsInLog = 0;
		};
/* End PBXShellScriptBuildPhase section */

/* Begin PBXSourcesBuildPhase section */
		D2E4551E27555EB600A1B0C1 /* Sources */ = {
			isa = PBXSourcesBuildPhase;
			buildActionMask = 2147483647;
			files = (
				D2E4553B27556CD400A1B0C1 /* CorenerRadiusMainTwoButtons.swift in Sources */,
				D2E4552A27555EB600A1B0C1 /* ViewController.swift in Sources */,
				D253B809275A858E00923999 /* ModelWriteDataTask.swift in Sources */,
				D2E4552627555EB600A1B0C1 /* AppDelegate.swift in Sources */,
				D28F392D2756B06B00006499 /* HexStringToUIColor.swift in Sources */,
				D24DA7F427588CD000808ADF /* WriteTextTaskVC.swift in Sources */,
				D28F392B275635EB00006499 /* CreateTaskVC.swift in Sources */,
				D2E4552827555EB600A1B0C1 /* SceneDelegate.swift in Sources */,
				D28F39332757ECBF00006499 /* showVC.swift in Sources */,
			);
			runOnlyForDeploymentPostprocessing = 0;
		};
/* End PBXSourcesBuildPhase section */

/* Begin PBXVariantGroup section */
		D2E4552B27555EB600A1B0C1 /* Main.storyboard */ = {
			isa = PBXVariantGroup;
			children = (
				D2E4552C27555EB600A1B0C1 /* Base */,
			);
			name = Main.storyboard;
			sourceTree = "<group>";
		};
		D2E4553027555EB700A1B0C1 /* LaunchScreen.storyboard */ = {
			isa = PBXVariantGroup;
			children = (
				D2E4553127555EB700A1B0C1 /* Base */,
			);
			name = LaunchScreen.storyboard;
			sourceTree = "<group>";
		};
/* End PBXVariantGroup section */

/* Begin XCBuildConfiguration section */
		D2E4553427555EB700A1B0C1 /* Debug */ = {
			isa = XCBuildConfiguration;
			buildSettings = {
				ALWAYS_SEARCH_USER_PATHS = NO;
				CLANG_ANALYZER_NONNULL = YES;
				CLANG_ANALYZER_NUMBER_OBJECT_CONVERSION = YES_AGGRESSIVE;
				CLANG_CXX_LANGUAGE_STANDARD = "gnu++17";
				CLANG_CXX_LIBRARY = "libc++";
				CLANG_ENABLE_MODULES = YES;
				CLANG_ENABLE_OBJC_ARC = YES;
				CLANG_ENABLE_OBJC_WEAK = YES;
				CLANG_WARN_BLOCK_CAPTURE_AUTORELEASING = YES;
				CLANG_WARN_BOOL_CONVERSION = YES;
				CLANG_WARN_COMMA = YES;
				CLANG_WARN_CONSTANT_CONVERSION = YES;
				CLANG_WARN_DEPRECATED_OBJC_IMPLEMENTATIONS = YES;
				CLANG_WARN_DIRECT_OBJC_ISA_USAGE = YES_ERROR;
				CLANG_WARN_DOCUMENTATION_COMMENTS = YES;
				CLANG_WARN_EMPTY_BODY = YES;
				CLANG_WARN_ENUM_CONVERSION = YES;
				CLANG_WARN_INFINITE_RECURSION = YES;
				CLANG_WARN_INT_CONVERSION = YES;
				CLANG_WARN_NON_LITERAL_NULL_CONVERSION = YES;
				CLANG_WARN_OBJC_IMPLICIT_RETAIN_SELF = YES;
				CLANG_WARN_OBJC_LITERAL_CONVERSION = YES;
				CLANG_WARN_OBJC_ROOT_CLASS = YES_ERROR;
				CLANG_WARN_QUOTED_INCLUDE_IN_FRAMEWORK_HEADER = YES;
				CLANG_WARN_RANGE_LOOP_ANALYSIS = YES;
				CLANG_WARN_STRICT_PROTOTYPES = YES;
				CLANG_WARN_SUSPICIOUS_MOVE = YES;
				CLANG_WARN_UNGUARDED_AVAILABILITY = YES_AGGRESSIVE;
				CLANG_WARN_UNREACHABLE_CODE = YES;
				CLANG_WARN__DUPLICATE_METHOD_MATCH = YES;
				COPY_PHASE_STRIP = NO;
				DEBUG_INFORMATION_FORMAT = dwarf;
				ENABLE_STRICT_OBJC_MSGSEND = YES;
				ENABLE_TESTABILITY = YES;
				GCC_C_LANGUAGE_STANDARD = gnu11;
				GCC_DYNAMIC_NO_PIC = NO;
				GCC_NO_COMMON_BLOCKS = YES;
				GCC_OPTIMIZATION_LEVEL = 0;
				GCC_PREPROCESSOR_DEFINITIONS = (
					"DEBUG=1",
					"$(inherited)",
				);
				GCC_WARN_64_TO_32_BIT_CONVERSION = YES;
				GCC_WARN_ABOUT_RETURN_TYPE = YES_ERROR;
				GCC_WARN_UNDECLARED_SELECTOR = YES;
				GCC_WARN_UNINITIALIZED_AUTOS = YES_AGGRESSIVE;
				GCC_WARN_UNUSED_FUNCTION = YES;
				GCC_WARN_UNUSED_VARIABLE = YES;
				IPHONEOS_DEPLOYMENT_TARGET = 15.0;
				MTL_ENABLE_DEBUG_INFO = INCLUDE_SOURCE;
				MTL_FAST_MATH = YES;
				ONLY_ACTIVE_ARCH = YES;
				SDKROOT = iphoneos;
				SWIFT_ACTIVE_COMPILATION_CONDITIONS = DEBUG;
				SWIFT_OPTIMIZATION_LEVEL = "-Onone";
			};
			name = Debug;
		};
		D2E4553527555EB700A1B0C1 /* Release */ = {
			isa = XCBuildConfiguration;
			buildSettings = {
				ALWAYS_SEARCH_USER_PATHS = NO;
				CLANG_ANALYZER_NONNULL = YES;
				CLANG_ANALYZER_NUMBER_OBJECT_CONVERSION = YES_AGGRESSIVE;
				CLANG_CXX_LANGUAGE_STANDARD = "gnu++17";
				CLANG_CXX_LIBRARY = "libc++";
				CLANG_ENABLE_MODULES = YES;
				CLANG_ENABLE_OBJC_ARC = YES;
				CLANG_ENABLE_OBJC_WEAK = YES;
				CLANG_WARN_BLOCK_CAPTURE_AUTORELEASING = YES;
				CLANG_WARN_BOOL_CONVERSION = YES;
				CLANG_WARN_COMMA = YES;
				CLANG_WARN_CONSTANT_CONVERSION = YES;
				CLANG_WARN_DEPRECATED_OBJC_IMPLEMENTATIONS = YES;
				CLANG_WARN_DIRECT_OBJC_ISA_USAGE = YES_ERROR;
				CLANG_WARN_DOCUMENTATION_COMMENTS = YES;
				CLANG_WARN_EMPTY_BODY = YES;
				CLANG_WARN_ENUM_CONVERSION = YES;
				CLANG_WARN_INFINITE_RECURSION = YES;
				CLANG_WARN_INT_CONVERSION = YES;
				CLANG_WARN_NON_LITERAL_NULL_CONVERSION = YES;
				CLANG_WARN_OBJC_IMPLICIT_RETAIN_SELF = YES;
				CLANG_WARN_OBJC_LITERAL_CONVERSION = YES;
				CLANG_WARN_OBJC_ROOT_CLASS = YES_ERROR;
				CLANG_WARN_QUOTED_INCLUDE_IN_FRAMEWORK_HEADER = YES;
				CLANG_WARN_RANGE_LOOP_ANALYSIS = YES;
				CLANG_WARN_STRICT_PROTOTYPES = YES;
				CLANG_WARN_SUSPICIOUS_MOVE = YES;
				CLANG_WARN_UNGUARDED_AVAILABILITY = YES_AGGRESSIVE;
				CLANG_WARN_UNREACHABLE_CODE = YES;
				CLANG_WARN__DUPLICATE_METHOD_MATCH = YES;
				COPY_PHASE_STRIP = NO;
				DEBUG_INFORMATION_FORMAT = "dwarf-with-dsym";
				ENABLE_NS_ASSERTIONS = NO;
				ENABLE_STRICT_OBJC_MSGSEND = YES;
				GCC_C_LANGUAGE_STANDARD = gnu11;
				GCC_NO_COMMON_BLOCKS = YES;
				GCC_WARN_64_TO_32_BIT_CONVERSION = YES;
				GCC_WARN_ABOUT_RETURN_TYPE = YES_ERROR;
				GCC_WARN_UNDECLARED_SELECTOR = YES;
				GCC_WARN_UNINITIALIZED_AUTOS = YES_AGGRESSIVE;
				GCC_WARN_UNUSED_FUNCTION = YES;
				GCC_WARN_UNUSED_VARIABLE = YES;
				IPHONEOS_DEPLOYMENT_TARGET = 15.0;
				MTL_ENABLE_DEBUG_INFO = NO;
				MTL_FAST_MATH = YES;
				SDKROOT = iphoneos;
				SWIFT_COMPILATION_MODE = wholemodule;
				SWIFT_OPTIMIZATION_LEVEL = "-O";
				VALIDATE_PRODUCT = YES;
			};
			name = Release;
		};
		D2E4553727555EB700A1B0C1 /* Debug */ = {
			isa = XCBuildConfiguration;
			baseConfigurationReference = 9D58078DA2C4478DBF7572B7 /* Pods-yourChallenge.debug.xcconfig */;
			buildSettings = {
				ASSETCATALOG_COMPILER_APPICON_NAME = AppIcon;
				ASSETCATALOG_COMPILER_GLOBAL_ACCENT_COLOR_NAME = AccentColor;
				CODE_SIGN_STYLE = Automatic;
				CURRENT_PROJECT_VERSION = 1;
				DEVELOPMENT_TEAM = UJ8B9FFXUA;
				GENERATE_INFOPLIST_FILE = YES;
				INFOPLIST_FILE = yourChallenge/Info.plist;
				INFOPLIST_KEY_UIApplicationSupportsIndirectInputEvents = YES;
				INFOPLIST_KEY_UILaunchStoryboardName = LaunchScreen;
				INFOPLIST_KEY_UIMainStoryboardFile = Main;
				INFOPLIST_KEY_UISupportedInterfaceOrientations = UIInterfaceOrientationPortrait;
				INFOPLIST_KEY_UISupportedInterfaceOrientations_iPad = "UIInterfaceOrientationPortrait UIInterfaceOrientationPortraitUpsideDown UIInterfaceOrientationLandscapeLeft UIInterfaceOrientationLandscapeRight";
				INFOPLIST_KEY_UISupportedInterfaceOrientations_iPhone = "UIInterfaceOrientationPortrait UIInterfaceOrientationLandscapeLeft UIInterfaceOrientationLandscapeRight";
				LD_RUNPATH_SEARCH_PATHS = (
					"$(inherited)",
					"@executable_path/Frameworks",
				);
				MARKETING_VERSION = 1.0;
				PRODUCT_BUNDLE_IDENTIFIER = kiko.yourChallenge;
				PRODUCT_NAME = "$(TARGET_NAME)";
				SWIFT_EMIT_LOC_STRINGS = YES;
				SWIFT_VERSION = 5.0;
				TARGETED_DEVICE_FAMILY = 1;
			};
			name = Debug;
		};
		D2E4553827555EB700A1B0C1 /* Release */ = {
			isa = XCBuildConfiguration;
			baseConfigurationReference = 879E55F6E95DBD3CDDC8D303 /* Pods-yourChallenge.release.xcconfig */;
			buildSettings = {
				ASSETCATALOG_COMPILER_APPICON_NAME = AppIcon;
				ASSETCATALOG_COMPILER_GLOBAL_ACCENT_COLOR_NAME = AccentColor;
				CODE_SIGN_STYLE = Automatic;
				CURRENT_PROJECT_VERSION = 1;
				DEVELOPMENT_TEAM = UJ8B9FFXUA;
				GENERATE_INFOPLIST_FILE = YES;
				INFOPLIST_FILE = yourChallenge/Info.plist;
				INFOPLIST_KEY_UIApplicationSupportsIndirectInputEvents = YES;
				INFOPLIST_KEY_UILaunchStoryboardName = LaunchScreen;
				INFOPLIST_KEY_UIMainStoryboardFile = Main;
				INFOPLIST_KEY_UISupportedInterfaceOrientations = UIInterfaceOrientationPortrait;
				INFOPLIST_KEY_UISupportedInterfaceOrientations_iPad = "UIInterfaceOrientationPortrait UIInterfaceOrientationPortraitUpsideDown UIInterfaceOrientationLandscapeLeft UIInterfaceOrientationLandscapeRight";
				INFOPLIST_KEY_UISupportedInterfaceOrientations_iPhone = "UIInterfaceOrientationPortrait UIInterfaceOrientationLandscapeLeft UIInterfaceOrientationLandscapeRight";
				LD_RUNPATH_SEARCH_PATHS = (
					"$(inherited)",
					"@executable_path/Frameworks",
				);
				MARKETING_VERSION = 1.0;
				PRODUCT_BUNDLE_IDENTIFIER = kiko.yourChallenge;
				PRODUCT_NAME = "$(TARGET_NAME)";
				SWIFT_EMIT_LOC_STRINGS = YES;
				SWIFT_VERSION = 5.0;
				TARGETED_DEVICE_FAMILY = 1;
			};
			name = Release;
		};
/* End XCBuildConfiguration section */

/* Begin XCConfigurationList section */
		D2E4551D27555EB600A1B0C1 /* Build configuration list for PBXProject "yourChallenge" */ = {
			isa = XCConfigurationList;
			buildConfigurations = (
				D2E4553427555EB700A1B0C1 /* Debug */,
				D2E4553527555EB700A1B0C1 /* Release */,
			);
			defaultConfigurationIsVisible = 0;
			defaultConfigurationName = Release;
		};
		D2E4553627555EB700A1B0C1 /* Build configuration list for PBXNativeTarget "yourChallenge" */ = {
			isa = XCConfigurationList;
			buildConfigurations = (
				D2E4553727555EB700A1B0C1 /* Debug */,
				D2E4553827555EB700A1B0C1 /* Release */,
			);
			defaultConfigurationIsVisible = 0;
			defaultConfigurationName = Release;
		};
/* End XCConfigurationList section */
	};
	rootObject = D2E4551A27555EB600A1B0C1 /* Project object */;
}
